Microsoft Visual Studio Solution File, Format Version 11.00
# Visual Studio 2008

Project("{6E69E14C-2495-78B6-CE31-D8546905FAB4}") = "BSPDungeonGenerator-master", "Assembly-CSharp.csproj", "{BF827A0E-36D9-BCD6-E0B1-7A69381A07BC}"
EndProject
Global
	GlobalSection(SolutionConfigurationPlatforms) = preSolution
		Debug|Any CPU = Debug|Any CPU
		Release|Any CPU = Release|Any CPU
	EndGlobalSection
	GlobalSection(ProjectConfigurationPlatforms) = postSolution
		{BF827A0E-36D9-BCD6-E0B1-7A69381A07BC}.Debug|Any CPU.ActiveCfg = Debug|Any CPU
		{BF827A0E-36D9-BCD6-E0B1-7A69381A07BC}.Debug|Any CPU.Build.0 = Debug|Any CPU
		{BF827A0E-36D9-BCD6-E0B1-7A69381A07BC}.Release|Any CPU.ActiveCfg = Release|Any CPU
		{BF827A0E-36D9-BCD6-E0B1-7A69381A07BC}.Release|Any CPU.Build.0 = Release|Any CPU
	EndGlobalSection
	GlobalSection(SolutionProperties) = preSolution
		HideSolutionNode = FALSE
	EndGlobalSection
	GlobalSection(MonoDevelopProperties) = preSolution
		StartupItem = Assembly-CSharp.csproj
	EndGlobalSection
EndGlobal
